
Microsoft Visual Studio Solution File, Format Version 12.00
# Visual Studio Version 16
VisualStudioVersion = 16.0.29709.97
MinimumVisualStudioVersion = 10.0.40219.1
Project("{FAE04EC0-301F-11D3-BF4B-00C04F79EFBC}") = "ConsoleAppDataReader", "ConsoleAppDataReader\ConsoleAppDataReader.csproj", "{8F02543B-983A-4C5F-886D-6D14B8CD18B1}"
EndProject
Project("{FAE04EC0-301F-11D3-BF4B-00C04F79EFBC}") = "WindowsFormsAppDataReader", "WindowsFormsAppDataReader\WindowsFormsAppDataReader.csproj", "{9B35AFAF-B647-4503-8935-C5D0D769F65D}"
EndProject
Global
	GlobalSection(SolutionConfigurationPlatforms) = preSolution
		Debug|Any CPU = Debug|Any CPU
		Release|Any CPU = Release|Any CPU
	EndGlobalSection
	GlobalSection(ProjectConfigurationPlatforms) = postSolution
		{8F02543B-983A-4C5F-886D-6D14B8CD18B1}.Debug|Any CPU.ActiveCfg = Debug|Any CPU
		{8F02543B-983A-4C5F-886D-6D14B8CD18B1}.Debug|Any CPU.Build.0 = Debug|Any CPU
		{8F02543B-983A-4C5F-886D-6D14B8CD18B1}.Release|Any CPU.ActiveCfg = Release|Any CPU
		{8F02543B-983A-4C5F-886D-6D14B8CD18B1}.Release|Any CPU.Build.0 = Release|Any CPU
		{9B35AFAF-B647-4503-8935-C5D0D769F65D}.Debug|Any CPU.ActiveCfg = Debug|Any CPU
		{9B35AFAF-B647-4503-8935-C5D0D769F65D}.Debug|Any CPU.Build.0 = Debug|Any CPU
		{9B35AFAF-B647-4503-8935-C5D0D769F65D}.Release|Any CPU.ActiveCfg = Release|Any CPU
		{9B35AFAF-B647-4503-8935-C5D0D769F65D}.Release|Any CPU.Build.0 = Release|Any CPU
	EndGlobalSection
	GlobalSection(SolutionProperties) = preSolution
		HideSolutionNode = FALSE
	EndGlobalSection
	GlobalSection(ExtensibilityGlobals) = postSolution
		SolutionGuid = {900C3FC3-16FE-4BB8-B5FB-DE2457626176}
	EndGlobalSection
EndGlobal
